version = 1
revision = 3
requires-python = "==3.12.*"

[[package]]
name = "altgraph"
version = "0.17.5"
source = { registry = "https://pypi.org/simple" }
sdist = { url = "https://files.pythonhosted.org/packages/7e/f8/97fdf103f38fed6792a1601dbc16cc8aac56e7459a9fff08c812d8ae177a/altgraph-0.17.5.tar.gz", hash = "sha256:c87b395dd12fabde9c99573a9749d67da8d29ef9de0125c7f536699b4a9bc9e7", size = 48428, upload-time = "2025-11-21T20:35:50.583Z" }
wheels = [
    { url = "https://files.pythonhosted.org/packages/a9/ba/000a1996d4308bc65120167c21241a3b205464a2e0b58deda26ae8ac21d1/altgraph-0.17.5-py2.py3-none-any.whl", hash = "sha256:f3a22400bce1b0c701683820ac4f3b159cd301acab067c51c653e06961600597", size = 21228, upload-time = "2025-11-21T20:35:49.444Z" },
]

[[package]]
name = "colorama"
version = "0.4.6"
source = { registry = "https://pypi.org/simple" }
sdist = { url = "https://files.pythonhosted.org/packages/d8/53/6f443c9a4a8358a93a6792e2acffb9d9d5cb0a5cfd8802644b7b1c9a02e4/colorama-0.4.6.tar.gz", hash = "sha256:08695f5cb7ed6e0531a20572697297273c47b8cae5a63ffc6d6ed5c201be6e44", size = 27697, upload-time = "2022-10-25T02:36:22.414Z" }
wheels = [
    { url = "https://files.pythonhosted.org/packages/d1/d6/3965ed04c63042e047cb6a3e6ed1a63a35087b6a609aa3a15ed8ac56c221/colorama-0.4.6-py2.py3-none-any.whl", hash = "sha256:4f1d9991f5acc0ca119f9d443620b77f9d6b33703e51011c16baf57afb285fc6", size = 25335, upload-time = "2022-10-25T02:36:20.889Z" },
]

[[package]]
name = "iniconfig"
version = "2.3.0"
source = { registry = "https://pypi.org/simple" }
sdist = { url = "https://files.pythonhosted.org/packages/72/34/14ca021ce8e5dfedc35312d08ba8bf51fdd999c576889fc2c24cb97f4f10/iniconfig-2.3.0.tar.gz", hash = "sha256:c76315c77db068650d49c5b56314774a7804df16fee4402c1f19d6d15d8c4730", size = 20503, upload-time = "2025-10-18T21:55:43.219Z" }
wheels = [
    { url = "https://files.pythonhosted.org/packages/cb/b1/3846dd7f199d53cb17f49cba7e651e9ce294d8497c8c150530ed11865bb8/iniconfig-2.3.0-py3-none-any.whl", hash = "sha256:f631c04d2c48c52b84d0d0549c99ff3859c98df65b3101406327ecc7d53fbf12", size = 7484, upload-time = "2025-10-18T21:55:41.639Z" },
]

[[package]]
name = "jingzhen-engine"
version = "0.1.0"
source = { editable = "." }
dependencies = [
    { name = "numpy" },
    { name = "opencv-python-headless" },
    { name = "pillow" },
]

[package.optional-dependencies]
dev = [
    { name = "pyinstaller" },
    { name = "pytest" },
]

[package.metadata]
requires-dist = [
    { name = "numpy", specifier = ">=2.0,<3" },
    { name = "opencv-python-headless", specifier = ">=4.10,<5" },
    { name = "pillow", specifier = ">=11,<13" },
    { name = "pyinstaller", marker = "extra == 'dev'", specifier = ">=6.11,<7" },
    { name = "pytest", marker = "extra == 'dev'", specifier = ">=8.3,<10" },
]
provides-extras = ["dev"]

[[package]]
name = "macholib"
version = "1.16.4"
source = { registry = "https://pypi.org/simple" }
dependencies = [
    { name = "altgraph" },
]
sdist = { url = "https://files.pythonhosted.org/packages/10/2f/97589876ea967487978071c9042518d28b958d87b17dceb7cdc1d881f963/macholib-1.16.4.tar.gz", hash = "sha256:f408c93ab2e995cd2c46e34fe328b130404be143469e41bc366c807448979362", size = 59427, upload-time = "2025-11-22T08:28:38.373Z" }
wheels = [
    { url = "https://files.pythonhosted.org/packages/c7/d1/a9f36f8ecdf0fb7c9b1e78c8d7af12b8c8754e74851ac7b94a8305540fc7/macholib-1.16.4-py2.py3-none-any.whl", hash = "sha256:da1a3fa8266e30f0ce7e97c6a54eefaae8edd1e5f86f3eb8b95457cae90265ea", size = 38117, upload-time = "2025-11-22T08:28:36.939Z" },
]

[[package]]
name = "numpy"
version = "2.5.1"
source = { registry = "https://pypi.org/simple" }
sdist = { url = "https://files.pythonhosted.org/packages/22/fd/89965aa4ac08c74998539fcbf24fa3540f3e15237fbeb6bcf9c908f4aade/numpy-2.5.1.tar.gz", hash = "sha256:a48a113e6afea91f5608793bafa7ef2ad481fefbda87ec5069f483de61cb9fa3", size = 20755553, upload-time = "2026-07-04T17:08:00.933Z" }
wheels = [
    { url = "https://files.pythonhosted.org/packages/62/7b/14687aa674250e5e546f616f486b0d56d3631cd5b2415739141ce40bdcea/numpy-2.5.1-cp312-cp312-macosx_10_13_x86_64.whl", hash = "sha256:2c889b56fe48b1018f764b0eec8df59ab654e9148aa91faa12596043500de277", size = 16801574, upload-time = "2026-07-04T17:06:12.423Z" },
    { url = "https://files.pythonhosted.org/packages/e1/19/cc5bb2a3f2913d27d6dbb2c78d25921fabaedc6741d4a5a615a11f3c5bf3/numpy-2.5.1-cp312-cp312-macosx_11_0_arm64.whl", hash = "sha256:ab451b59c5643c570974c43aef780703ef1d3b4965d2be07afd530615a9358d1", size = 11772250, upload-time = "2026-07-04T17:06:15.726Z" },
    { url = "https://files.pythonhosted.org/packages/42/77/fdf34a71dd30f54979b18603bee915e0aaf825b07afe79acd60b04b691e2/numpy-2.5.1-cp312-cp312-macosx_14_0_arm64.whl", hash = "sha256:78798bd5b9ad744056af8efa90e3b9ddaa53272a0848a483084a1cc0a13b2dc0", size = 5331516, upload-time = "2026-07-04T17:06:17.913Z" },
    { url = "https://files.pythonhosted.org/packages/ce/e2/eb7efa015b4cce41e2517bf182a7fce0d7d5b9d9ed76a29bfa0f4fe4505c/numpy-2.5.1-cp312-cp312-macosx_14_0_x86_64.whl", hash = "sha256:2ae0ca40bcb22d6ba59c1dfd5446f49940b0f2d821fde133f10dda11f816b84e", size = 6664863, upload-time = "2026-07-04T17:06:20.02Z" },
    { url = "https://files.pythonhosted.org/packages/a9/4b/a2b32dd94ee9ffbeecb28152240042a3949db33b1c834d44090b80e1b3b8/numpy-2.5.1-cp312-cp312-manylinux_2_27_aarch64.manylinux_2_28_aarch64.whl", hash = "sha256:61ac47e772e6b8ea489e1d2f441a34c5c3ac17327e7ce294cbdf535795ad4e75", size = 15167977, upload-time = "2026-07-04T17:06:21.621Z" },
    { url = "https://files.pythonhosted.org/packages/b8/a9/6e73d68500f80773f65f0654ea932019d6694329a0eb0ed0533de38df376/numpy-2.5.1-cp312-cp312-manylinux_2_27_x86_64.manylinux_2_28_x86_64.whl", hash = "sha256:59fda5e192b570217ec2580c96f00e9a7e12ef6866a900eb089b62c1a32545ca", size = 16672469, upload-time = "2026-07-04T17:06:24.064Z" },
    { url = "https://files.pythonhosted.org/packages/24/7d/ad3e59015135f5261c95fd4cafeff159c955febd83a99a1d9250c4233815/numpy-2.5.1-cp312-cp312-musllinux_1_2_aarch64.whl", hash = "sha256:f7119ebff1a9829e9f431a4f9d28e703023bb6b9fe7c8f724467dbfc27c94ab3", size = 16527531, upload-time = "2026-07-04T17:06:26.69Z" },
    { url = "https://files.pythonhosted.org/packages/83/d0/a39b2fbcde9cb17a1dac678f254b33a6336298af9df338824c685425d5e8/numpy-2.5.1-cp312-cp312-musllinux_1_2_x86_64.whl", hash = "sha256:e824c2acf8862052246be5a44c15da1777940c60d010dd2aab897824d9c430f9", size = 18431940, upload-time = "2026-07-04T17:06:29.521Z" },
    { url = "https://files.pythonhosted.org/packages/04/12/cff070947791c1ed425ff76413189adbdc2fbe215eba7ce7fa454a03c7f8/numpy-2.5.1-cp312-cp312-win32.whl", hash = "sha256:08d60c810432eb83360958dea0999ac4cfb94531ea8efcbf0b7f277c2068aeb2", size = 6066764, upload-time = "2026-07-04T17:06:32.571Z" },
    { url = "https://files.pythonhosted.org/packages/65/66/53f31807a48a750f9d748da273bc3fcedd12b27ff1f3e373bfec55ef2dc0/numpy-2.5.1-cp312-cp312-win_amd64.whl", hash = "sha256:f7d60026c0bdb1380e83bfa7a0419c4577ee4b9a08880afcb6dadeb74c649fa2", size = 12430966, upload-time = "2026-07-04T17:06:34.926Z" },
    { url = "https://files.pythonhosted.org/packages/2b/2a/d1a88066b1c14186f5d3c0d18c94f17b064511982bab0578d49ee9d43c29/numpy-2.5.1-cp312-cp312-win_arm64.whl", hash = "sha256:17a25e09640602e10bc8de0e6fa2b3fd68eedd84ba6d7842dc8f32f9ab87bd0b", size = 10350488, upload-time = "2026-07-04T17:06:37.785Z" },
]

[[package]]
name = "opencv-python-headless"
version = "4.13.0.92"
source = { registry = "https://pypi.org/simple" }
dependencies = [
    { name = "numpy" },
]
wheels = [
    { url = "https://files.pythonhosted.org/packages/79/42/2310883be3b8826ac58c3f2787b9358a2d46923d61f88fedf930bc59c60c/opencv_python_headless-4.13.0.92-cp37-abi3-macosx_13_0_arm64.whl", hash = "sha256:1a7d040ac656c11b8c38677cc8cccdc149f98535089dbe5b081e80a4e5903209", size = 46247192, upload-time = "2026-02-05T07:01:35.187Z" },
    { url = "https://files.pythonhosted.org/packages/2d/1e/6f9e38005a6f7f22af785df42a43139d0e20f169eb5787ce8be37ee7fcc9/opencv_python_headless-4.13.0.92-cp37-abi3-macosx_14_0_x86_64.whl", hash = "sha256:3e0a6f0a37994ec6ce5f59e936be21d5d6384a4556f2d2da9c2f9c5dc948394c", size = 32568914, upload-time = "2026-02-05T07:01:51.989Z" },
    { url = "https://files.pythonhosted.org/packages/21/76/9417a6aef9def70e467a5bf560579f816148a4c658b7d525581b356eda9e/opencv_python_headless-4.13.0.92-cp37-abi3-manylinux2014_aarch64.manylinux_2_17_aarch64.whl", hash = "sha256:5c8cfc8e87ed452b5cecb9419473ee5560a989859fe1d10d1ce11ae87b09a2cb", size = 33703709, upload-time = "2026-02-05T10:24:46.469Z" },
    { url = "https://files.pythonhosted.org/packages/92/ce/bd17ff5772938267fd49716e94ca24f616ff4cb1ff4c6be13085108037be/opencv_python_headless-4.13.0.92-cp37-abi3-manylinux2014_x86_64.manylinux_2_17_x86_64.whl", hash = "sha256:0525a3d2c0b46c611e2130b5fdebc94cf404845d8fa64d2f3a3b679572a5bd22", size = 56016764, upload-time = "2026-02-05T10:26:48.904Z" },
    { url = "https://files.pythonhosted.org/packages/8f/b4/b7bcbf7c874665825a8c8e1097e93ea25d1f1d210a3e20d4451d01da30aa/opencv_python_headless-4.13.0.92-cp37-abi3-manylinux_2_28_aarch64.whl", hash = "sha256:eb60e36b237b1ebd40a912da5384b348df8ed534f6f644d8e0b4f103e272ba7d", size = 35010236, upload-time = "2026-02-05T10:28:11.031Z" },
    { url = "https://files.pythonhosted.org/packages/4b/33/b5db29a6c00eb8f50708110d8d453747ca125c8b805bc437b289dbdcc057/opencv_python_headless-4.13.0.92-cp37-abi3-manylinux_2_28_x86_64.whl", hash = "sha256:0bd48544f77c68b2941392fcdf9bcd2b9cdf00e98cb8c29b2455d194763cf99e", size = 60391106, upload-time = "2026-02-05T10:30:14.236Z" },
    { url = "https://files.pythonhosted.org/packages/fb/c3/52cfea47cd33e53e8c0fbd6e7c800b457245c1fda7d61660b4ffe9596a7f/opencv_python_headless-4.13.0.92-cp37-abi3-win32.whl", hash = "sha256:a7cf08e5b191f4ebb530791acc0825a7986e0d0dee2a3c491184bd8599848a4b", size = 30812232, upload-time = "2026-02-05T07:02:29.594Z" },
    { url = "https://files.pythonhosted.org/packages/4a/90/b338326131ccb2aaa3c2c85d00f41822c0050139a4bfe723cfd95455bd2d/opencv_python_headless-4.13.0.92-cp37-abi3-win_amd64.whl", hash = "sha256:77a82fe35ddcec0f62c15f2ba8a12ecc2ed4207c17b0902c7a3151ae29f37fb6", size = 40070414, upload-time = "2026-02-05T07:02:26.448Z" },
]

[[package]]
name = "packaging"
version = "26.2"
source = { registry = "https://pypi.org/simple" }
sdist = { url = "https://files.pythonhosted.org/packages/d7/f1/e7a6dd94a8d4a5626c03e4e99c87f241ba9e350cd9e6d75123f992427270/packaging-26.2.tar.gz", hash = "sha256:ff452ff5a3e828ce110190feff1178bb1f2ea2281fa2075aadb987c2fb221661", size = 228134, upload-time = "2026-04-24T20:15:23.917Z" }
wheels = [
    { url = "https://files.pythonhosted.org/packages/df/b2/87e62e8c3e2f4b32e5fe99e0b86d576da1312593b39f47d8ceef365e95ed/packaging-26.2-py3-none-any.whl", hash = "sha256:5fc45236b9446107ff2415ce77c807cee2862cb6fac22b8a73826d0693b0980e", size = 100195, upload-time = "2026-04-24T20:15:22.081Z" },
]

[[package]]
name = "pefile"
version = "2024.8.26"
source = { registry = "https://pypi.org/simple" }
sdist = { url = "https://files.pythonhosted.org/packages/03/4f/2750f7f6f025a1507cd3b7218691671eecfd0bbebebe8b39aa0fe1d360b8/pefile-2024.8.26.tar.gz", hash = "sha256:3ff6c5d8b43e8c37bb6e6dd5085658d658a7a0bdcd20b6a07b1fcfc1c4e9d632", size = 76008, upload-time = "2024-08-26T20:58:38.155Z" }
wheels = [
    { url = "https://files.pythonhosted.org/packages/54/16/12b82f791c7f50ddec566873d5bdd245baa1491bac11d15ffb98aecc8f8b/pefile-2024.8.26-py3-none-any.whl", hash = "sha256:76f8b485dcd3b1bb8166f1128d395fa3d87af26360c2358fb75b80019b957c6f", size = 74766, upload-time = "2024-08-26T21:01:02.632Z" },
]

[[package]]
name = "pillow"
version = "12.3.0"
source = { registry = "https://pypi.org/simple" }
sdist = { url = "https://files.pythonhosted.org/packages/1c/3d/bb7fca845737cf9d7dbde16ed1843984665ff2e0a518f5db43e77ec540b9/pillow-12.3.0.tar.gz", hash = "sha256:3b8182a766685eaa002637e28b4ec8d6b18819a0c71f579bf0dbaa5830297cce", size = 47025035, upload-time = "2026-07-01T11:56:38.965Z" }
wheels = [
    { url = "https://files.pythonhosted.org/packages/37/bf/fb3ebff8ddcb76aac5a01389251bbbb9519922a9b520d8247c1ca864a25d/pillow-12.3.0-cp312-cp312-macosx_10_13_x86_64.whl", hash = "sha256:ba09209fbe443b4acccebe845d8a138b89a8f4fbaeedd44953490b5315d5e965", size = 5345969, upload-time = "2026-07-01T11:54:06.397Z" },
    { url = "https://files.pythonhosted.org/packages/d8/66/9a386a92561f402389a4fc70c18838bf6d35eb5eb5c6850b4b2dc64f5048/pillow-12.3.0-cp312-cp312-macosx_11_0_arm64.whl", hash = "sha256:ffd0c5368496f41b0944be820fcb7a838aa6e623d250b01acf2643939c3f99d7", size = 4780323, upload-time = "2026-07-01T11:54:09.351Z" },
    { url = "https://files.pythonhosted.org/packages/25/27/ac8f99618ffd3dde21db0f4d4b1d2ab00c0880595bfd17df103f7f39fd0c/pillow-12.3.0-cp312-cp312-manylinux_2_27_aarch64.manylinux_2_28_aarch64.whl", hash = "sha256:d9c7f76c0673154f044e9d78c8655fb4213f6ca31a836df48b40fe5d187717b9", size = 6266838, upload-time = "2026-07-01T11:54:11.71Z" },
    { url = "https://files.pythonhosted.org/packages/84/21/a35af28dcc61f37ed850a2d64c65c701321dfbf25085e469d5559360cbbf/pillow-12.3.0-cp312-cp312-manylinux_2_27_x86_64.manylinux_2_28_x86_64.whl", hash = "sha256:78cb2c6865a35ab8ff8b75fd122f6033b92a62c82801110e48ddd6c936a45d91", size = 6940830, upload-time = "2026-07-01T11:54:13.732Z" },
    { url = "https://files.pythonhosted.org/packages/eb/51/8b08617af3ad95e33ce6d7dd2c99ed6c8298f7fb131636303956be022e25/pillow-12.3.0-cp312-cp312-musllinux_1_2_aarch64.whl", hash = "sha256:e491916b378fba47242221bb9ead245211b70d504f495d105d17b14a24b4907c", size = 6344383, upload-time = "2026-07-01T11:54:15.756Z" },
    { url = "https://files.pythonhosted.org/packages/1d/72/cf78ac9780bb93c28328f408973845a309d4d145041665f734572ced1b52/pillow-12.3.0-cp312-cp312-musllinux_1_2_x86_64.whl", hash = "sha256:0dd2064cbc55aaec028ef5fbb60fa47bb6c3e7918e07ff17935284b227a9d2df", size = 7052934, upload-time = "2026-07-01T11:54:17.721Z" },
    { url = "https://files.pythonhosted.org/packages/20/20/25e0f4dc178a6bc0696793720055519a0de89e7661dae886992decbd2f81/pillow-12.3.0-cp312-cp312-win32.whl", hash = "sha256:dbce0b29841537a2fa4a214c2bbf14de3587c9680caa9b4e217568472490b28f", size = 6472684, upload-time = "2026-07-01T11:54:19.839Z" },
    { url = "https://files.pythonhosted.org/packages/45/89/da2f7971a317f83d807fdd4065c0af40208e59e692cc43d315a71a0e96d1/pillow-12.3.0-cp312-cp312-win_amd64.whl", hash = "sha256:a2b55dd6b2a4c4b7d87ffa56bdb33fdc5fdb9a462173861a7bc097f17d91cb09", size = 7227137, upload-time = "2026-07-01T11:54:22.025Z" },
    { url = "https://files.pythonhosted.org/packages/de/47/4845a0a6c0dbf1db8456bd9fc791f13c5ced7ced20606d08a0aacfd25b49/pillow-12.3.0-cp312-cp312-win_arm64.whl", hash = "sha256:331b624368d4f1d069149002f25f44bc61c8919ce8ddb3c45bdad8f6e2d89510", size = 2568267, upload-time = "2026-07-01T11:54:24.051Z" },
]

[[package]]
name = "pluggy"
version = "1.6.0"
source = { registry = "https://pypi.org/simple" }
sdist = { url = "https://files.pythonhosted.org/packages/f9/e2/3e91f31a7d2b083fe6ef3fa267035b518369d9511ffab804f839851d2779/pluggy-1.6.0.tar.gz", hash = "sha256:7dcc130b76258d33b90f61b658791dede3486c3e6bfb003ee5c9bfb396dd22f3", size = 69412, upload-time = "2025-05-15T12:30:07.975Z" }
wheels = [
    { url = "https://files.pythonhosted.org/packages/54/20/4d324d65cc6d9205fabedc306948156824eb9f0ee1633355a8f7ec5c66bf/pluggy-1.6.0-py3-none-any.whl", hash = "sha256:e920276dd6813095e9377c0bc5566d94c932c33b27a3e3945d8389c374dd4746", size = 20538, upload-time = "2025-05-15T12:30:06.134Z" },
]

[[package]]
name = "pygments"
version = "2.20.0"
source = { registry = "https://pypi.org/simple" }
sdist = { url = "https://files.pythonhosted.org/packages/c3/b2/bc9c9196916376152d655522fdcebac55e66de6603a76a02bca1b6414f6c/pygments-2.20.0.tar.gz", hash = "sha256:6757cd03768053ff99f3039c1a36d6c0aa0b263438fcab17520b30a303a82b5f", size = 4955991, upload-time = "2026-03-29T13:29:33.898Z" }
wheels = [
    { url = "https://files.pythonhosted.org/packages/f4/7e/a72dd26f3b0f4f2bf1dd8923c85f7ceb43172af56d63c7383eb62b332364/pygments-2.20.0-py3-none-any.whl", hash = "sha256:81a9e26dd42fd28a23a2d169d86d7ac03b46e2f8b59ed4698fb4785f946d0176", size = 1231151, upload-time = "2026-03-29T13:29:30.038Z" },
]

[[package]]
name = "pyinstaller"
version = "6.21.0"
source = { registry = "https://pypi.org/simple" }
dependencies = [
    { name = "altgraph" },
    { name = "macholib", marker = "sys_platform == 'darwin'" },
    { name = "packaging" },
    { name = "pefile", marker = "sys_platform == 'win32'" },
    { name = "pyinstaller-hooks-contrib" },
    { name = "pywin32-ctypes", marker = "sys_platform == 'win32'" },
    { name = "setuptools" },
]
sdist = { url = "https://files.pythonhosted.org/packages/d5/4d/ec706c3fcf39e26888c35b39615ff4d5865d184069666c47492cff1fbe50/pyinstaller-6.21.0.tar.gz", hash = "sha256:bb9fab705983e393a2d1cac77d6972513057ad800215fd861dc15ff5272e98fd", size = 4061519, upload-time = "2026-06-13T14:15:06.25Z" }
wheels = [
    { url = "https://files.pythonhosted.org/packages/0c/4a/53cf98bf66daed012dc9cd78c8203f19a675d696f2fc12afcf8c5049a0e0/pyinstaller-6.21.0-py3-none-macosx_10_13_universal2.whl", hash = "sha256:327d132389f37912609e01be62810cf96b5aa95b613903e4b8692e0d12fb0eda", size = 1052350, upload-time = "2026-06-13T14:13:55.88Z" },
    { url = "https://files.pythonhosted.org/packages/30/83/b591295c352ef464c50b4c6ffff1c4f771d875c9e833f578d1b9f564f6b3/pyinstaller-6.21.0-py3-none-manylinux2014_aarch64.whl", hash = "sha256:7071d4b094d5b40deeef5fa3d3b98a1b846087f7562b49209663d5f9281fe251", size = 748477, upload-time = "2026-06-13T14:14:00.327Z" },
    { url = "https://files.pythonhosted.org/packages/3d/8f/88fff4e403873b1e22286911350e75ff00db014aa08e57045da9d4328993/pyinstaller-6.21.0-py3-none-manylinux2014_i686.whl", hash = "sha256:6b6374d652107dd4a2eeece903ff82bb4045bb5e1006c5a158a6dcdbefe84bf2", size = 760877, upload-time = "2026-06-13T14:14:04.836Z" },
    { url = "https://files.pythonhosted.org/packages/8a/13/f0e48fbdfd1d05d948157121cea8b1b823dcb89efe6934b71fdd8bdb3f0f/pyinstaller-6.21.0-py3-none-manylinux2014_ppc64le.whl", hash = "sha256:4e3108b3f02384560da70e39b8bf22b0ad597d02bd68a40d76ea91c1cfa00cad", size = 759194, upload-time = "2026-06-13T14:14:10.61Z" },
    { url = "https://files.pythonhosted.org/packages/dd/d5/ea7878cf9924ed30d946d8288777424e6d069d94f5bde56b4d0890069664/pyinstaller-6.21.0-py3-none-manylinux2014_s390x.whl", hash = "sha256:697532279f535ad572bda613db4f821540e235c7854ca6da4d3bf0373f4415ee", size = 754979, upload-time = "2026-06-13T14:14:15.226Z" },
    { url = "https://files.pythonhosted.org/packages/9f/09/51b8905714b733bac66dbc041a7821372d70d888d273ae474c4037d4202d/pyinstaller-6.21.0-py3-none-manylinux2014_x86_64.whl", hash = "sha256:605169523a6b5ace39f13dfbff21add9f2bc43df99c7daf9394fefb2c45e8b6f", size = 754812, upload-time = "2026-06-13T14:14:20.264Z" },
    { url = "https://files.pythonhosted.org/packages/4b/43/d77779439d8c6c2e27a77bcfbd1d5cc0f568ebb611bb472b11af81b5f177/pyinstaller-6.21.0-py3-none-musllinux_1_1_aarch64.whl", hash = "sha256:5fa56746c1e76f93634d018502301378a2d0c382553d37d8c3c34ff436c12dd1", size = 753887, upload-time = "2026-06-13T14:14:25.268Z" },
    { url = "https://files.pythonhosted.org/packages/51/8f/c22df1f6837784ac349057ba693f08e7b1ca7a0e06f9c33c63bc6280007b/pyinstaller-6.21.0-py3-none-musllinux_1_1_x86_64.whl", hash = "sha256:42395ec76df8e8120c36b13339d9db8cab83e316a12839ee303cc00fc941bb74", size = 753779, upload-time = "2026-06-13T14:14:29.445Z" },
    { url = "https://files.pythonhosted.org/packages/c9/76/1ce8a27ce62ba8cf3a87c9ce6d575610f4e55d7cb0123e7512fc3f4b921a/pyinstaller-6.21.0-py3-none-win32.whl", hash = "sha256:c6b28d30d8fd99ce162ff3aab5013ed44dbfb747566b1f01b9bed7964d7c14e9", size = 1336462, upload-time = "2026-06-13T14:14:35.785Z" },
    { url = "https://files.pythonhosted.org/packages/c1/fa/ca1d7e5257dd8566a9dfc0dfb02f8a8075eeb53d4b2d3c579f1276759042/pyinstaller-6.21.0-py3-none-win_amd64.whl", hash = "sha256:7fae06c494ce0ebfe6bd3055c0e409def884f63af2e3705d06bd431ad9237fc7", size = 1397487, upload-time = "2026-06-13T14:14:42.328Z" },
    { url = "https://files.pythonhosted.org/packages/dc/75/21b51523ce8d96629b71311775a0a65f5f5a872124ab0de33e5c848f8bff/pyinstaller-6.21.0-py3-none-win_arm64.whl", hash = "sha256:f13c95c9c03fb567217135919f93815c305813126780b0ed6e0123cb8acaf025", size = 1346094, upload-time = "2026-06-13T14:14:48.914Z" },
]

[[package]]
name = "pyinstaller-hooks-contrib"
version = "2026.6"
source = { registry = "https://pypi.org/simple" }
dependencies = [
    { name = "packaging" },
]
sdist = { url = "https://files.pythonhosted.org/packages/94/5b/c9fe0db5e83ee1c39b2258fa21d23b15e1a60786b6c5990ee5074ead8bb6/pyinstaller_hooks_contrib-2026.6.tar.gz", hash = "sha256:bef5002c32f4f50bd55b005da12cff64eca8783e7eaf86a06a62410164bab725", size = 173354, upload-time = "2026-06-08T22:37:16.152Z" }
wheels = [
    { url = "https://files.pythonhosted.org/packages/e7/31/f2d7343d8ed5f7c4678377886f6ce533e6eaaa131b252ce950114c2a7efa/pyinstaller_hooks_contrib-2026.6-py3-none-any.whl", hash = "sha256:fd13b8ac126b35361175edacd41a0d97080b75dd5f4b594ecefefff969509dd3", size = 457159, upload-time = "2026-06-08T22:37:14.722Z" },
]

[[package]]
name = "pytest"
version = "9.1.1"
source = { registry = "https://pypi.org/simple" }
dependencies = [
    { name = "colorama", marker = "sys_platform == 'win32'" },
    { name = "iniconfig" },
    { name = "packaging" },
    { name = "pluggy" },
    { name = "pygments" },
]
sdist = { url = "https://files.pythonhosted.org/packages/e4/47/b9efed96c114afcfa3c9d3fe98a76a1d14c74a9e266d397cf6eb64be5e01/pytest-9.1.1.tar.gz", hash = "sha256:1088fbde8f2b49d95a549a195707afa7a76a3ce9bcadc26b6d71f0ffda5fe313", size = 1636369, upload-time = "2026-06-19T10:58:32.857Z" }
wheels = [
    { url = "https://files.pythonhosted.org/packages/24/25/1de2678b631f5a49215c6c96fff41ba892b0a34df68d6d80292b1b48aa7f/pytest-9.1.1-py3-none-any.whl", hash = "sha256:37a86b45efb9a47a61a36449063e8e18d0cab3161329fc099eb21783169c4f0c", size = 386536, upload-time = "2026-06-19T10:58:31.347Z" },
]

[[package]]
name = "pywin32-ctypes"
version = "0.2.3"
source = { registry = "https://pypi.org/simple" }
sdist = { url = "https://files.pythonhosted.org/packages/85/9f/01a1a99704853cb63f253eea009390c88e7131c67e66a0a02099a8c917cb/pywin32-ctypes-0.2.3.tar.gz", hash = "sha256:d162dc04946d704503b2edc4d55f3dba5c1d539ead017afa00142c38b9885755", size = 29471, upload-time = "2024-08-14T10:15:34.626Z" }
wheels = [
    { url = "https://files.pythonhosted.org/packages/de/3d/8161f7711c017e01ac9f008dfddd9410dff3674334c233bde66e7ba65bbf/pywin32_ctypes-0.2.3-py3-none-any.whl", hash = "sha256:8a1513379d709975552d202d942d9837758905c8d01eb82b8bcc30918929e7b8", size = 30756, upload-time = "2024-08-14T10:15:33.187Z" },
]

[[package]]
name = "setuptools"
version = "83.0.0"
source = { registry = "https://pypi.org/simple" }
sdist = { url = "https://files.pythonhosted.org/packages/34/26/f5d29e25ffdb535afef2d35cdb55b325298f96debd670da4c325e08d70f4/setuptools-83.0.0.tar.gz", hash = "sha256:025bccbbf0fa05b6192bc64ae1e7b16e001fd6d6d4d5de03c97b1c1ade523bef", size = 1154254, upload-time = "2026-07-04T15:31:22.699Z" }
wheels = [
    { url = "https://files.pythonhosted.org/packages/5d/40/e1e72872c6354b306daef1703549e8e83b4d43cfea356311bf722a043752/setuptools-83.0.0-py3-none-any.whl", hash = "sha256:29b23c360f22f414dc7336bb39178cc7bcbf6021ed2733cde173f09dba19abb3", size = 1008090, upload-time = "2026-07-04T15:31:20.885Z" },
]
